<?xml version="1.0" encoding="utf-8"?>
<Project ToolsVersion="4.0" xmlns="http://schemas.microsoft.com/developer/msbuild/2003">
  <ItemGroup>
    <Filter Include="Math">
      <UniqueIdentifier>{6de403e5-73f1-42f2-af70-74c7861f3e4e}</UniqueIdentifier>
    </Filter>
    <Filter Include="Utility">
      <UniqueIdentifier>{a1fbec20-c361-4bcb-aaba-7fa89cc1ce71}</UniqueIdentifier>
    </Filter>
    <Filter Include="Application">
      <UniqueIdentifier>{3afe0730-5446-4239-ba9c-3c4d6c025b5f}</UniqueIdentifier>
    </Filter>
    <Filter Include="Object">
      <UniqueIdentifier>{81d81942-5af0-4f95-ba6b-572b5c053ae0}</UniqueIdentifier>
    </Filter>
    <Filter Include="Render">
      <UniqueIdentifier>{8dfade55-0acc-4460-8890-0190115a9fc5}</UniqueIdentifier>
    </Filter>
    <Filter Include="Pipeline">
      <UniqueIdentifier>{ddc32272-75f6-4d6e-a17a-f06499b46a6c}</UniqueIdentifier>
    </Filter>
    <Filter Include="Pipeline\InputAssembler">
      <UniqueIdentifier>{c07183e6-996d-4058-abff-502078407d21}</UniqueIdentifier>
    </Filter>
    <Filter Include="Pipeline\VertexProcess">
      <UniqueIdentifier>{4a0ed119-bbda-4cc1-8c84-c309be477ce3}</UniqueIdentifier>
    </Filter>
    <Filter Include="Pipeline\RasterizerProcess">
      <UniqueIdentifier>{cd5007b4-2dc8-417e-992e-e43b165c15b1}</UniqueIdentifier>
    </Filter>
    <Filter Include="Pipeline\PixelProcess">
      <UniqueIdentifier>{e8c0b694-f777-413f-81a5-f193c0b7ba7b}</UniqueIdentifier>
    </Filter>
    <Filter Include="Model">
      <UniqueIdentifier>{e57cafb5-e3d6-4fbe-9e23-6caddb293f0f}</UniqueIdentifier>
    </Filter>
    <Filter Include="Resource">
      <UniqueIdentifier>{e80960ce-a6db-4a39-b05f-529e45e9d74f}</UniqueIdentifier>
    </Filter>
  </ItemGroup>
  <ItemGroup>
    <ClInclude Include="..\..\Include\PCH.h">
      <Filter>Utility</Filter>
    </ClInclude>
    <ClInclude Include="..\..\Include\Vector3f.h">
      <Filter>Math</Filter>
    </ClInclude>
    <ClInclude Include="..\..\Include\Vector4f.h">
      <Filter>Math</Filter>
    </ClInclude>
    <ClInclude Include="..\..\Include\Vector2f.h">
      <Filter>Math</Filter>
    </ClInclude>
    <ClInclude Include="..\..\Include\Matrix3f.h">
      <Filter>Math</Filter>
    </ClInclude>
    <ClInclude Include="..\..\Include\Matrix4f.h">
      <Filter>Math</Filter>
    </ClInclude>
    <ClInclude Include="..\..\Include\IWindowProc.h">
      <Filter>Application</Filter>
    </ClInclude>
    <ClInclude Include="..\..\Include\RenderWindow.h">
      <Filter>Application</Filter>
    </ClInclude>
    <ClInclude Include="..\..\Include\Win32RenderWindow.h">
      <Filter>Application</Filter>
    </ClInclude>
    <ClInclude Include="..\..\Include\Application.h">
      <Filter>Application</Filter>
    </ClInclude>
    <ClInclude Include="..\..\Include\FileSystem.h">
      <Filter>Utility</Filter>
    </ClInclude>
    <ClInclude Include="..\..\Include\Log.h">
      <Filter>Utility</Filter>
    </ClInclude>
    <ClInclude Include="..\..\Include\Timer.h">
      <Filter>Utility</Filter>
    </ClInclude>
    <ClInclude Include="..\..\Include\Camera.h">
      <Filter>Object</Filter>
    </ClInclude>
    <ClInclude Include="..\..\Include\Transform.h">
      <Filter>Object</Filter>
    </ClInclude>
    <ClInclude Include="..\..\Include\Surface.h">
      <Filter>Application</Filter>
    </ClInclude>
    <ClInclude Include="..\..\Include\App.h">
      <Filter>Application</Filter>
    </ClInclude>
    <ClInclude Include="..\..\Include\Renderer.h">
      <Filter>Render</Filter>
    </ClInclude>
    <ClInclude Include="..\..\Include\Geometry.h">
      <Filter>Model</Filter>
    </ClInclude>
    <ClInclude Include="..\..\Include\ObjFormat.h">
      <Filter>Model</Filter>
    </ClInclude>
    <ClInclude Include="..\..\Include\Entity.h">
      <Filter>Object</Filter>
    </ClInclude>
    <ClInclude Include="..\..\Include\Texture.h">
      <Filter>Resource</Filter>
    </ClInclude>
    <ClInclude Include="..\..\Include\SandString.h">
      <Filter>Utility</Filter>
    </ClInclude>
    <ClInclude Include="..\..\Include\Color.h">
      <Filter>Math</Filter>
    </ClInclude>
  </ItemGroup>
  <ItemGroup>
    <ClCompile Include="..\..\Source\PCH.cpp">
      <Filter>Utility</Filter>
    </ClCompile>
    <ClCompile Include="..\..\Source\Vector3f.cpp">
      <Filter>Math</Filter>
    </ClCompile>
    <ClCompile Include="..\..\Source\Vector4f.cpp">
      <Filter>Math</Filter>
    </ClCompile>
    <ClCompile Include="..\..\Source\Vector2f.cpp">
      <Filter>Math</Filter>
    </ClCompile>
    <ClCompile Include="..\..\Source\Matrix3f.cpp">
      <Filter>Math</Filter>
    </ClCompile>
    <ClCompile Include="..\..\Source\Matrix4f.cpp">
      <Filter>Math</Filter>
    </ClCompile>
    <ClCompile Include="..\..\Source\RenderWindow.cpp">
      <Filter>Application</Filter>
    </ClCompile>
    <ClCompile Include="..\..\Source\Win32RenderWindow.cpp">
      <Filter>Application</Filter>
    </ClCompile>
    <ClCompile Include="..\..\Source\Application.cpp">
      <Filter>Application</Filter>
    </ClCompile>
    <ClCompile Include="..\..\Source\FileSystem.cpp">
      <Filter>Utility</Filter>
    </ClCompile>
    <ClCompile Include="..\..\Source\Log.cpp">
      <Filter>Utility</Filter>
    </ClCompile>
    <ClCompile Include="..\..\Source\Timer.cpp">
      <Filter>Utility</Filter>
    </ClCompile>
    <ClCompile Include="..\..\Source\Camera.cpp">
      <Filter>Object</Filter>
    </ClCompile>
    <ClCompile Include="..\..\Source\Transform.cpp">
      <Filter>Object</Filter>
    </ClCompile>
    <ClCompile Include="..\..\Source\main.cpp">
      <Filter>Application</Filter>
    </ClCompile>
    <ClCompile Include="..\..\Source\Surface.cpp">
      <Filter>Application</Filter>
    </ClCompile>
    <ClCompile Include="..\..\Source\App.cpp">
      <Filter>Application</Filter>
    </ClCompile>
    <ClCompile Include="..\..\Source\Renderer.cpp">
      <Filter>Render</Filter>
    </ClCompile>
    <ClCompile Include="..\..\Source\Geometry.cpp">
      <Filter>Model</Filter>
    </ClCompile>
    <ClCompile Include="..\..\Source\Entity.cpp">
      <Filter>Object</Filter>
    </ClCompile>
    <ClCompile Include="..\..\Source\Texture.cpp">
      <Filter>Resource</Filter>
    </ClCompile>
    <ClCompile Include="..\..\Source\SandString.cpp">
      <Filter>Utility</Filter>
    </ClCompile>
    <ClCompile Include="..\..\Source\Color.cpp">
      <Filter>Math</Filter>
    </ClCompile>
  </ItemGroup>
</Project>